
Microsoft Visual Studio Solution File, Format Version 12.00
# Visual Studio Version 17
VisualStudioVersion = 17.9.34607.119
MinimumVisualStudioVersion = 10.0.40219.1
Project("{9A19103F-16F7-4668-BE54-9A1E7A4F7556}") = "LinkedInWebApi", "LinkedInWebApi\LinkedInWebApi.csproj", "{08F3D07A-C38D-4261-8C1A-A1E27E9582D0}"
EndProject
Project("{2150E333-8FDC-42A3-9474-1A3956D46DE8}") = "src", "src", "{594B8A91-C83E-4F2D-9A59-8868141DBB43}"
EndProject
Project("{9A19103F-16F7-4668-BE54-9A1E7A4F7556}") = "LinkiedInWebApi.Domain", "src\Domain\LinkiedInWebApi.Domain\LinkiedInWebApi.Domain.csproj", "{75BE7A95-EEDB-4E6B-A773-388AC1CA45E1}"
EndProject
Project("{2150E333-8FDC-42A3-9474-1A3956D46DE8}") = "Domain", "Domain", "{C570F4EF-28A7-4940-8175-AA85E987DD56}"
EndProject
Project("{2150E333-8FDC-42A3-9474-1A3956D46DE8}") = "Infrastracture", "Infrastracture", "{57C1C7AE-32C7-47B7-8557-9CD904563967}"
EndProject
Project("{2150E333-8FDC-42A3-9474-1A3956D46DE8}") = "Repository", "Repository", "{CD3ED01E-BD58-4363-BA4F-247A86F465CA}"
EndProject
Project("{9A19103F-16F7-4668-BE54-9A1E7A4F7556}") = "LinkedInWebApi.Reposirotry", "src\Repository\LinkedInWebApi.Reposirotry\LinkedInWebApi.Reposirotry.csproj", "{20B3660E-B2DF-41CC-8C87-43E2FC5DDCCC}"
EndProject
Project("{2150E333-8FDC-42A3-9474-1A3956D46DE8}") = "Application", "Application", "{B15A3DFE-87F6-4E0D-A528-B1CA3EECBA1A}"
EndProject
Project("{FAE04EC0-301F-11D3-BF4B-00C04F79EFBC}") = "LinkedInWebApi.Application", "src\Application\LinkedInWebApi.Application\LinkedInWebApi.Application.csproj", "{7192E9FF-E973-46B1-9E46-85E0B445E5A0}"
EndProject
Project("{2150E333-8FDC-42A3-9474-1A3956D46DE8}") = "Core", "Core", "{F3D0C12A-01B8-415D-BA53-4D828642C8C3}"
EndProject
Project("{FAE04EC0-301F-11D3-BF4B-00C04F79EFBC}") = "LinkedInWebApi.Core", "src\Core\LinkedInWebApi.Core\LinkedInWebApi.Core.csproj", "{32522742-BE4E-4B16-B125-E312D54AB811}"
EndProject
Global
	GlobalSection(SolutionConfigurationPlatforms) = preSolution
		Debug|Any CPU = Debug|Any CPU
		Release|Any CPU = Release|Any CPU
	EndGlobalSection
	GlobalSection(ProjectConfigurationPlatforms) = postSolution
		{08F3D07A-C38D-4261-8C1A-A1E27E9582D0}.Debug|Any CPU.ActiveCfg = Debug|Any CPU
		{08F3D07A-C38D-4261-8C1A-A1E27E9582D0}.Debug|Any CPU.Build.0 = Debug|Any CPU
		{08F3D07A-C38D-4261-8C1A-A1E27E9582D0}.Release|Any CPU.ActiveCfg = Release|Any CPU
		{08F3D07A-C38D-4261-8C1A-A1E27E9582D0}.Release|Any CPU.Build.0 = Release|Any CPU
		{75BE7A95-EEDB-4E6B-A773-388AC1CA45E1}.Debug|Any CPU.ActiveCfg = Debug|Any CPU
		{75BE7A95-EEDB-4E6B-A773-388AC1CA45E1}.Debug|Any CPU.Build.0 = Debug|Any CPU
		{75BE7A95-EEDB-4E6B-A773-388AC1CA45E1}.Release|Any CPU.ActiveCfg = Release|Any CPU
		{75BE7A95-EEDB-4E6B-A773-388AC1CA45E1}.Release|Any CPU.Build.0 = Release|Any CPU
		{20B3660E-B2DF-41CC-8C87-43E2FC5DDCCC}.Debug|Any CPU.ActiveCfg = Debug|Any CPU
		{20B3660E-B2DF-41CC-8C87-43E2FC5DDCCC}.Debug|Any CPU.Build.0 = Debug|Any CPU
		{20B3660E-B2DF-41CC-8C87-43E2FC5DDCCC}.Release|Any CPU.ActiveCfg = Release|Any CPU
		{20B3660E-B2DF-41CC-8C87-43E2FC5DDCCC}.Release|Any CPU.Build.0 = Release|Any CPU
		{7192E9FF-E973-46B1-9E46-85E0B445E5A0}.Debug|Any CPU.ActiveCfg = Debug|Any CPU
		{7192E9FF-E973-46B1-9E46-85E0B445E5A0}.Debug|Any CPU.Build.0 = Debug|Any CPU
		{7192E9FF-E973-46B1-9E46-85E0B445E5A0}.Release|Any CPU.ActiveCfg = Release|Any CPU
		{7192E9FF-E973-46B1-9E46-85E0B445E5A0}.Release|Any CPU.Build.0 = Release|Any CPU
		{32522742-BE4E-4B16-B125-E312D54AB811}.Debug|Any CPU.ActiveCfg = Debug|Any CPU
		{32522742-BE4E-4B16-B125-E312D54AB811}.Debug|Any CPU.Build.0 = Debug|Any CPU
		{32522742-BE4E-4B16-B125-E312D54AB811}.Release|Any CPU.ActiveCfg = Release|Any CPU
		{32522742-BE4E-4B16-B125-E312D54AB811}.Release|Any CPU.Build.0 = Release|Any CPU
	EndGlobalSection
	GlobalSection(SolutionProperties) = preSolution
		HideSolutionNode = FALSE
	EndGlobalSection
	GlobalSection(NestedProjects) = preSolution
		{08F3D07A-C38D-4261-8C1A-A1E27E9582D0} = {594B8A91-C83E-4F2D-9A59-8868141DBB43}
		{75BE7A95-EEDB-4E6B-A773-388AC1CA45E1} = {C570F4EF-28A7-4940-8175-AA85E987DD56}
		{C570F4EF-28A7-4940-8175-AA85E987DD56} = {594B8A91-C83E-4F2D-9A59-8868141DBB43}
		{57C1C7AE-32C7-47B7-8557-9CD904563967} = {594B8A91-C83E-4F2D-9A59-8868141DBB43}
		{CD3ED01E-BD58-4363-BA4F-247A86F465CA} = {594B8A91-C83E-4F2D-9A59-8868141DBB43}
		{20B3660E-B2DF-41CC-8C87-43E2FC5DDCCC} = {CD3ED01E-BD58-4363-BA4F-247A86F465CA}
		{B15A3DFE-87F6-4E0D-A528-B1CA3EECBA1A} = {594B8A91-C83E-4F2D-9A59-8868141DBB43}
		{7192E9FF-E973-46B1-9E46-85E0B445E5A0} = {B15A3DFE-87F6-4E0D-A528-B1CA3EECBA1A}
		{F3D0C12A-01B8-415D-BA53-4D828642C8C3} = {594B8A91-C83E-4F2D-9A59-8868141DBB43}
		{32522742-BE4E-4B16-B125-E312D54AB811} = {F3D0C12A-01B8-415D-BA53-4D828642C8C3}
	EndGlobalSection
	GlobalSection(ExtensibilityGlobals) = postSolution
		SolutionGuid = {988C8B15-D7ED-4B9A-B0A1-77727C2C9D4E}
	EndGlobalSection
EndGlobal
